{
  "name": "is-useless",
  "version": "1.3.3",
  "lockfileVersion": 3,
  "requires": true,
  "packages": {
    "": {
      "name": "is-useless",
      "version": "1.3.3",
      "license": "ISC",
      "dependencies": {
        "colors": "^1.4.0",
        "empty-string": "^1.1.1",
        "logtoconsole": "^1.0.7",
        "returndotjs": "^1.0.0"
      }
    },
    "node_modules/colors": {
      "version": "1.4.0",
      "resolved": "https://registry.npmjs.org/colors/-/colors-1.4.0.tgz",
      "integrity": "sha512-a+UqTh4kgZg/SlGvfbzDHpgRu7AAQOmmqRHJnxhRZICKFUT91brVhNNt58CMWU9PsBbv3PDCZUHbVxuDiH2mtA==",
      "license": "MIT",
      "engines": {
        "node": ">=0.1.90"
      }
    },
    "node_modules/empty-string": {
      "version": "1.1.1",
      "resolved": "https://registry.npmjs.org/empty-string/-/empty-string-1.1.1.tgz",
      "integrity": "sha512-uNHVH3dCu6Jg7oQ0JE7Ei2/cp30oCHshChL+iZp/ZW87Vx6tMCv3y399GY3D08IoHUK+memMgObekU75kuplIw==",
      "license": "ISC"
    },
    "node_modules/logtoconsole": {
      "version": "1.0.7",
      "resolved": "https://registry.npmjs.org/logtoconsole/-/logtoconsole-1.0.7.tgz",
      "integrity": "sha512-052Q07osn4fKX5de0TzddkAl5luBRjXEWWWDiOTvkGyEUsa72uyFtNGqO9VqNYHDuDg0x1Nhky2v+QWrEFj5ig==",
      "license": "ISC"
    },
    "node_modules/returndotjs": {
      "version": "1.0.0",
      "resolved": "https://registry.npmjs.org/returndotjs/-/returndotjs-1.0.0.tgz",
      "integrity": "sha512-GrLfbcXwqBaP/ilnxsOy55CgvjYtdqdX9l/WAUwtMb0iS0YAX05xK6w4prPiNMmI8fpf2I+z4DLth5BMeBCWgA==",
      "license": "MIT"
    }
  }
}
